dependencies:
  '@antv/f2': 3.8.6
  axios: 0.21.1
  vue-router: 4.0.5
lockfileVersion: 5.2
packages:
  /@antv/adjust/0.1.1:
    dependencies:
      '@antv/util': 1.3.1
    dev: false
    resolution:
      integrity: sha512-9FaMOyBlM4AgoRL0b5o0VhEKAYkexBNUrxV8XmpHU/9NBPJONBOB/NZUlQDqxtLItrt91tCfbAuMQmF529UX2Q==
  /@antv/f2/3.8.6:
    dependencies:
      '@antv/adjust': 0.1.1
      '@antv/scale': 0.3.9
      '@antv/util': 2.0.13
      '@babel/runtime': 7.13.10
      '@types/hammerjs': 2.0.39
      hammerjs: 2.0.8
      type-fest: 0.15.1
    dev: false
    resolution:
      integrity: sha512-i+lipSuMQAX+VRr3bx4vqDR8GEeMIt2cvdSbVu1jtKVnor7xfNBYswJByF9EFNm5nr3rS2YuxG+zn1hOpMSdRw==
  /@antv/gl-matrix/2.7.1:
    dev: false
    resolution:
      integrity: sha512-oOWcVNlpELIKi9x+Mm1Vwbz8pXfkbJKykoCIOJ/dNK79hSIANbpXJ5d3Rra9/wZqK6MC961B7sybFhPlLraT3Q==
  /@antv/scale/0.3.9:
    dependencies:
      '@antv/util': 2.0.13
      fecha: 4.2.1
      tslib: 2.2.0
    dev: false
    resolution:
      integrity: sha512-m56Rs4Zta7XnuF+aNbJXMsgBqATO1M4kvu+dEmhzLYsPK5D3dHpJTOGh/Zy55eirekb9F7jiu29SJqPNnhxq+g==
  /@antv/util/1.3.1:
    dependencies:
      '@antv/gl-matrix': 2.7.1
    dev: false
    resolution:
      integrity: sha512-cbUta0hIJrKEaW3eKoGarz3Ita+9qUPF2YzTj8A6wds/nNiy20G26ztIWHU+5ThLc13B1n5Ik52LbaCaeg9enA==
  /@antv/util/2.0.13:
    dependencies:
      tslib: 2.2.0
    dev: false
    resolution:
      integrity: sha512-mfYL7K8XJIeDmal33K+6abr8Yb526YXKg5XQlddNo+X1Doll+gun6HxnbdySoLv21vW4bLkcbVPjqxWl7ZJAFA==
  /@babel/runtime/7.13.10:
    dependencies:
      regenerator-runtime: 0.13.7
    dev: false
    resolution:
      integrity: sha512-4QPkjJq6Ns3V/RgpEahRk+AGfL0eO6RHHtTWoNNr5mO49G6B5+X6d6THgWEAvTrznU5xYpbAlVKRYcsCgh/Akw==
  /@types/hammerjs/2.0.39:
    dev: false
    resolution:
      integrity: sha512-lYR2Y/tV2ujpk/WyUc7S0VLI0a9hrtVIN9EwnrNo5oSEJI2cK2/XrgwOQmXLL3eTulOESvh9qP6si9+DWM9cOA==
  /axios/0.21.1:
    dependencies:
      follow-redirects: 1.13.3
    dev: false
    resolution:
      integrity: sha512-dKQiRHxGD9PPRIUNIWvZhPTPpl1rf/OxTYKsqKUDjBwYylTvV7SjSHJb9ratfyzM6wCdLCOYLzs73qpg5c4iGA==
  /fecha/4.2.1:
    dev: false
    resolution:
      integrity: sha512-MMMQ0ludy/nBs1/o0zVOiKTpG7qMbonKUzjJgQFEuvq6INZ1OraKPRAWkBq5vlKLOUMpmNYG1JoN3oDPUQ9m3Q==
  /follow-redirects/1.13.3:
    dev: false
    engines:
      node: '>=4.0'
    peerDependencies:
      debug: '*'
    peerDependenciesMeta:
      debug:
        optional: true
    resolution:
      integrity: sha512-DUgl6+HDzB0iEptNQEXLx/KhTmDb8tZUHSeLqpnjpknR70H0nC2t9N73BK6fN4hOvJ84pKlIQVQ4k5FFlBedKA==
  /hammerjs/2.0.8:
    dev: false
    engines:
      node: '>=0.8.0'
    resolution:
      integrity: sha1-BO93hiz/K7edMPdpIJWTAiK/YPE=
  /regenerator-runtime/0.13.7:
    dev: false
    resolution:
      integrity: sha512-a54FxoJDIr27pgf7IgeQGxmqUNYrcV338lf/6gH456HZ/PhX+5BcwHXG9ajESmwe6WRO0tAzRUrRmNONWgkrew==
  /tslib/2.2.0:
    dev: false
    resolution:
      integrity: sha512-gS9GVHRU+RGn5KQM2rllAlR3dU6m7AcpJKdtH8gFvQiC4Otgk98XnmMU+nZenHt/+VhnBPWwgrJsyrdcw6i23w==
  /type-fest/0.15.1:
    dev: false
    engines:
      node: '>=10'
    resolution:
      integrity: sha512-n+UXrN8i5ioo7kqT/nF8xsEzLaqFra7k32SEsSPwvXVGyAcRgV/FUQN/sgfptJTR1oRmmq7z4IXMFSM7im7C9A==
  /vue-router/4.0.5:
    dev: false
    peerDependencies:
      vue: ^3.0.0
    resolution:
      integrity: sha512-AQq+pllb6FCc7rS6vh4PPcce3XA1jgK3hKNkQ4hXHwoVN7jOeAOMKCnX7XAX3etV9rmN7iNW8iIwgPk95ckBjw==
specifiers:
  '@antv/f2': ^3.8.6
  axios: ^0.21.1
  vue-router: ^4.0.5
